
Microsoft Visual Studio Solution File, Format Version 11.00
# Visual Studio 2010
Project("{FAE04EC0-301F-11D3-BF4B-00C04F79EFBC}") = "AsyncServer", "AsynServer\AsyncServer.csproj", "{D8FB72C6-90B9-419F-9AB6-365950BFBF22}"
EndProject
Project("{FAE04EC0-301F-11D3-BF4B-00C04F79EFBC}") = "ClientHost", "ClientHost\ClientHost.csproj", "{3196F687-710D-4989-9E7E-8C4D3CC27F78}"
EndProject
Project("{FAE04EC0-301F-11D3-BF4B-00C04F79EFBC}") = "Communication.Core", "Communication.Core\Communication.Core.csproj", "{BAF8C94F-2760-470A-95A1-CFA30F36005B}"
EndProject
Project("{FAE04EC0-301F-11D3-BF4B-00C04F79EFBC}") = "WebSocket", "WebSocket\WebSocket.csproj", "{D9BD905C-679E-4AB5-8DCC-01F8A46B78D1}"
EndProject
Global
	GlobalSection(SolutionConfigurationPlatforms) = preSolution
		Debug|Any CPU = Debug|Any CPU
		Debug|Mixed Platforms = Debug|Mixed Platforms
		Debug|x86 = Debug|x86
		Release|Any CPU = Release|Any CPU
		Release|Mixed Platforms = Release|Mixed Platforms
		Release|x86 = Release|x86
	EndGlobalSection
	GlobalSection(ProjectConfigurationPlatforms) = postSolution
		{D8FB72C6-90B9-419F-9AB6-365950BFBF22}.Debug|Any CPU.ActiveCfg = Debug|x86
		{D8FB72C6-90B9-419F-9AB6-365950BFBF22}.Debug|Mixed Platforms.ActiveCfg = Debug|x86
		{D8FB72C6-90B9-419F-9AB6-365950BFBF22}.Debug|Mixed Platforms.Build.0 = Debug|x86
		{D8FB72C6-90B9-419F-9AB6-365950BFBF22}.Debug|x86.ActiveCfg = Debug|x86
		{D8FB72C6-90B9-419F-9AB6-365950BFBF22}.Debug|x86.Build.0 = Debug|x86
		{D8FB72C6-90B9-419F-9AB6-365950BFBF22}.Release|Any CPU.ActiveCfg = Release|x86
		{D8FB72C6-90B9-419F-9AB6-365950BFBF22}.Release|Mixed Platforms.ActiveCfg = Release|x86
		{D8FB72C6-90B9-419F-9AB6-365950BFBF22}.Release|Mixed Platforms.Build.0 = Release|x86
		{D8FB72C6-90B9-419F-9AB6-365950BFBF22}.Release|x86.ActiveCfg = Release|x86
		{D8FB72C6-90B9-419F-9AB6-365950BFBF22}.Release|x86.Build.0 = Release|x86
		{3196F687-710D-4989-9E7E-8C4D3CC27F78}.Debug|Any CPU.ActiveCfg = Debug|x86
		{3196F687-710D-4989-9E7E-8C4D3CC27F78}.Debug|Mixed Platforms.ActiveCfg = Debug|x86
		{3196F687-710D-4989-9E7E-8C4D3CC27F78}.Debug|Mixed Platforms.Build.0 = Debug|x86
		{3196F687-710D-4989-9E7E-8C4D3CC27F78}.Debug|x86.ActiveCfg = Debug|x86
		{3196F687-710D-4989-9E7E-8C4D3CC27F78}.Debug|x86.Build.0 = Debug|x86
		{3196F687-710D-4989-9E7E-8C4D3CC27F78}.Release|Any CPU.ActiveCfg = Release|x86
		{3196F687-710D-4989-9E7E-8C4D3CC27F78}.Release|Mixed Platforms.ActiveCfg = Release|x86
		{3196F687-710D-4989-9E7E-8C4D3CC27F78}.Release|Mixed Platforms.Build.0 = Release|x86
		{3196F687-710D-4989-9E7E-8C4D3CC27F78}.Release|x86.ActiveCfg = Release|x86
		{3196F687-710D-4989-9E7E-8C4D3CC27F78}.Release|x86.Build.0 = Release|x86
		{BAF8C94F-2760-470A-95A1-CFA30F36005B}.Debug|Any CPU.ActiveCfg = Debug|Any CPU
		{BAF8C94F-2760-470A-95A1-CFA30F36005B}.Debug|Any CPU.Build.0 = Debug|Any CPU
		{BAF8C94F-2760-470A-95A1-CFA30F36005B}.Debug|Mixed Platforms.ActiveCfg = Debug|Any CPU
		{BAF8C94F-2760-470A-95A1-CFA30F36005B}.Debug|Mixed Platforms.Build.0 = Debug|Any CPU
		{BAF8C94F-2760-470A-95A1-CFA30F36005B}.Debug|x86.ActiveCfg = Debug|Any CPU
		{BAF8C94F-2760-470A-95A1-CFA30F36005B}.Release|Any CPU.ActiveCfg = Release|Any CPU
		{BAF8C94F-2760-470A-95A1-CFA30F36005B}.Release|Any CPU.Build.0 = Release|Any CPU
		{BAF8C94F-2760-470A-95A1-CFA30F36005B}.Release|Mixed Platforms.ActiveCfg = Release|Any CPU
		{BAF8C94F-2760-470A-95A1-CFA30F36005B}.Release|Mixed Platforms.Build.0 = Release|Any CPU
		{BAF8C94F-2760-470A-95A1-CFA30F36005B}.Release|x86.ActiveCfg = Release|Any CPU
		{D9BD905C-679E-4AB5-8DCC-01F8A46B78D1}.Debug|Any CPU.ActiveCfg = Debug|x86
		{D9BD905C-679E-4AB5-8DCC-01F8A46B78D1}.Debug|Mixed Platforms.ActiveCfg = Debug|x86
		{D9BD905C-679E-4AB5-8DCC-01F8A46B78D1}.Debug|Mixed Platforms.Build.0 = Debug|x86
		{D9BD905C-679E-4AB5-8DCC-01F8A46B78D1}.Debug|x86.ActiveCfg = Debug|x86
		{D9BD905C-679E-4AB5-8DCC-01F8A46B78D1}.Debug|x86.Build.0 = Debug|x86
		{D9BD905C-679E-4AB5-8DCC-01F8A46B78D1}.Release|Any CPU.ActiveCfg = Release|x86
		{D9BD905C-679E-4AB5-8DCC-01F8A46B78D1}.Release|Mixed Platforms.ActiveCfg = Release|x86
		{D9BD905C-679E-4AB5-8DCC-01F8A46B78D1}.Release|Mixed Platforms.Build.0 = Release|x86
		{D9BD905C-679E-4AB5-8DCC-01F8A46B78D1}.Release|x86.ActiveCfg = Release|x86
		{D9BD905C-679E-4AB5-8DCC-01F8A46B78D1}.Release|x86.Build.0 = Release|x86
	EndGlobalSection
	GlobalSection(SolutionProperties) = preSolution
		HideSolutionNode = FALSE
	EndGlobalSection
EndGlobal
